{
  "version": 4,
  "terraform_version": "0.14.8",
  "serial": 93,
  "lineage": "798af70f-e6fc-b7f2-ff23-ac1b0cf4aba3",
  "outputs": {},
  "resources": [
    {
      "mode": "managed",
      "type": "openstack_compute_instance_v2",
      "name": "instance_1",
      "provider": "provider[\"registry.terraform.io/terraform-provider-openstack/openstack\"]",
      "instances": [
        {
          "schema_version": 0,
          "attributes": {
            "access_ip_v4": "172.24.4.121",
            "access_ip_v6": "[2001:db8::257]",
            "admin_pass": null,
            "all_metadata": {},
            "all_tags": [],
            "availability_zone": "nova",
            "availability_zone_hints": null,
            "block_device": [],
            "config_drive": null,
            "flavor_id": "2",
            "flavor_name": "m1.small",
            "floating_ip": null,
            "force_delete": false,
            "id": "625cfbce-8387-4a67-a498-bb17338d5d74",
            "image_id": "fc739109-e625-4267-ab1d-178fa4242702",
            "image_name": "centos 7",
            "key_pair": "",
            "metadata": null,
            "name": "openstack",
            "network": [
              {
                "access_network": false,
                "fixed_ip_v4": "172.24.4.121",
                "fixed_ip_v6": "[2001:db8::257]",
                "floating_ip": "",
                "mac": "fa:16:3e:61:66:d8",
                "name": "public",
                "port": "",
                "uuid": "e093a79c-f52a-421a-b7aa-d2188aa62f27"
              }
            ],
            "network_mode": null,
            "personality": [],
            "power_state": "active",
            "region": "RegionOne",
            "scheduler_hints": [],
            "security_groups": [
              "default"
            ],
            "stop_before_destroy": false,
            "tags": null,
            "timeouts": null,
            "user_data": null,
            "vendor_options": [],
            "volume": []
          },
          "sensitive_attributes": [],
          "private": "eyJlMmJmYjczMC1lY2FhLTExZTYtOGY4OC0zNDM2M2JjN2M0YzAiOnsiY3JlYXRlIjoxODAwMDAwMDAwMDAwLCJkZWxldGUiOjE4MDAwMDAwMDAwMDAsInVwZGF0ZSI6MTgwMDAwMDAwMDAwMH19"
        }
      ]
    }
  ]
}
